
Microsoft Visual Studio Solution File, Format Version 12.00
# Visual Studio 15
VisualStudioVersion = 15.0.27004.2009
MinimumVisualStudioVersion = 10.0.40219.1
Project("{FAE04EC0-301F-11D3-BF4B-00C04F79EFBC}") = "DPP Guess Teammates", "DPP Guess Teammates\DPP Guess Teammates.csproj", "{583C7A6E-F4B6-41D6-88D4-113FB2E0EE21}"
EndProject
Global
	GlobalSection(SolutionConfigurationPlatforms) = preSolution
		Debug|Any CPU = Debug|Any CPU
		Release|Any CPU = Release|Any CPU
	EndGlobalSection
	GlobalSection(ProjectConfigurationPlatforms) = postSolution
		{583C7A6E-F4B6-41D6-88D4-113FB2E0EE21}.Debug|Any CPU.ActiveCfg = Debug|Any CPU
		{583C7A6E-F4B6-41D6-88D4-113FB2E0EE21}.Debug|Any CPU.Build.0 = Debug|Any CPU
		{583C7A6E-F4B6-41D6-88D4-113FB2E0EE21}.Release|Any CPU.ActiveCfg = Release|Any CPU
		{583C7A6E-F4B6-41D6-88D4-113FB2E0EE21}.Release|Any CPU.Build.0 = Release|Any CPU
	EndGlobalSection
	GlobalSection(SolutionProperties) = preSolution
		HideSolutionNode = FALSE
	EndGlobalSection
	GlobalSection(ExtensibilityGlobals) = postSolution
		SolutionGuid = {646C8375-147A-4F5B-B648-12CB99F6ECF6}
	EndGlobalSection
EndGlobal
